
Microsoft Visual Studio Solution File, Format Version 12.00
# Visual Studio Version 17
VisualStudioVersion = 17.4.33213.308
MinimumVisualStudioVersion = 10.0.40219.1
Project("{8BC9CEB8-8B4A-11D0-8D11-00A0C91BC942}") = "labo-final-CedGav19", "labo-final-CedGav19\labo-final-CedGav19.vcxproj", "{8EC4C7A4-3D9D-46E0-97EA-98AC0EFBC009}"
EndProject
Project("{9A19103F-16F7-4668-BE54-9A1E7A4F7556}") = "WPF1", "WPF1\WPF1.csproj", "{AE61000C-89B6-4797-8021-3FA29B37A331}"
EndProject
Project("{9A19103F-16F7-4668-BE54-9A1E7A4F7556}") = "MaBibliotheque", "MaBibliotheque\MaBibliotheque.csproj", "{5CF6B3B9-8176-4B3E-9552-F0BD2DD03A4A}"
EndProject
Project("{9A19103F-16F7-4668-BE54-9A1E7A4F7556}") = "MainView", "MainView\MainView.csproj", "{4C0CA8A3-23FD-4B05-A159-2C7EDCAC74FD}"
EndProject
Global
	GlobalSection(SolutionConfigurationPlatforms) = preSolution
		Debug|Any CPU = Debug|Any CPU
		Debug|x64 = Debug|x64
		Debug|x86 = Debug|x86
		Release|Any CPU = Release|Any CPU
		Release|x64 = Release|x64
		Release|x86 = Release|x86
	EndGlobalSection
	GlobalSection(ProjectConfigurationPlatforms) = postSolution
		{8EC4C7A4-3D9D-46E0-97EA-98AC0EFBC009}.Debug|Any CPU.ActiveCfg = Debug|x64
		{8EC4C7A4-3D9D-46E0-97EA-98AC0EFBC009}.Debug|Any CPU.Build.0 = Debug|x64
		{8EC4C7A4-3D9D-46E0-97EA-98AC0EFBC009}.Debug|x64.ActiveCfg = Debug|x64
		{8EC4C7A4-3D9D-46E0-97EA-98AC0EFBC009}.Debug|x64.Build.0 = Debug|x64
		{8EC4C7A4-3D9D-46E0-97EA-98AC0EFBC009}.Debug|x86.ActiveCfg = Debug|Win32
		{8EC4C7A4-3D9D-46E0-97EA-98AC0EFBC009}.Debug|x86.Build.0 = Debug|Win32
		{8EC4C7A4-3D9D-46E0-97EA-98AC0EFBC009}.Release|Any CPU.ActiveCfg = Release|x64
		{8EC4C7A4-3D9D-46E0-97EA-98AC0EFBC009}.Release|Any CPU.Build.0 = Release|x64
		{8EC4C7A4-3D9D-46E0-97EA-98AC0EFBC009}.Release|x64.ActiveCfg = Release|x64
		{8EC4C7A4-3D9D-46E0-97EA-98AC0EFBC009}.Release|x64.Build.0 = Release|x64
		{8EC4C7A4-3D9D-46E0-97EA-98AC0EFBC009}.Release|x86.ActiveCfg = Release|Win32
		{8EC4C7A4-3D9D-46E0-97EA-98AC0EFBC009}.Release|x86.Build.0 = Release|Win32
		{AE61000C-89B6-4797-8021-3FA29B37A331}.Debug|Any CPU.ActiveCfg = Debug|Any CPU
		{AE61000C-89B6-4797-8021-3FA29B37A331}.Debug|Any CPU.Build.0 = Debug|Any CPU
		{AE61000C-89B6-4797-8021-3FA29B37A331}.Debug|x64.ActiveCfg = Debug|Any CPU
		{AE61000C-89B6-4797-8021-3FA29B37A331}.Debug|x64.Build.0 = Debug|Any CPU
		{AE61000C-89B6-4797-8021-3FA29B37A331}.Debug|x86.ActiveCfg = Debug|Any CPU
		{AE61000C-89B6-4797-8021-3FA29B37A331}.Debug|x86.Build.0 = Debug|Any CPU
		{AE61000C-89B6-4797-8021-3FA29B37A331}.Release|Any CPU.ActiveCfg = Release|Any CPU
		{AE61000C-89B6-4797-8021-3FA29B37A331}.Release|Any CPU.Build.0 = Release|Any CPU
		{AE61000C-89B6-4797-8021-3FA29B37A331}.Release|x64.ActiveCfg = Release|Any CPU
		{AE61000C-89B6-4797-8021-3FA29B37A331}.Release|x64.Build.0 = Release|Any CPU
		{AE61000C-89B6-4797-8021-3FA29B37A331}.Release|x86.ActiveCfg = Release|Any CPU
		{AE61000C-89B6-4797-8021-3FA29B37A331}.Release|x86.Build.0 = Release|Any CPU
		{5CF6B3B9-8176-4B3E-9552-F0BD2DD03A4A}.Debug|Any CPU.ActiveCfg = Debug|Any CPU
		{5CF6B3B9-8176-4B3E-9552-F0BD2DD03A4A}.Debug|Any CPU.Build.0 = Debug|Any CPU
		{5CF6B3B9-8176-4B3E-9552-F0BD2DD03A4A}.Debug|x64.ActiveCfg = Debug|Any CPU
		{5CF6B3B9-8176-4B3E-9552-F0BD2DD03A4A}.Debug|x64.Build.0 = Debug|Any CPU
		{5CF6B3B9-8176-4B3E-9552-F0BD2DD03A4A}.Debug|x86.ActiveCfg = Debug|Any CPU
		{5CF6B3B9-8176-4B3E-9552-F0BD2DD03A4A}.Debug|x86.Build.0 = Debug|Any CPU
		{5CF6B3B9-8176-4B3E-9552-F0BD2DD03A4A}.Release|Any CPU.ActiveCfg = Release|Any CPU
		{5CF6B3B9-8176-4B3E-9552-F0BD2DD03A4A}.Release|Any CPU.Build.0 = Release|Any CPU
		{5CF6B3B9-8176-4B3E-9552-F0BD2DD03A4A}.Release|x64.ActiveCfg = Release|Any CPU
		{5CF6B3B9-8176-4B3E-9552-F0BD2DD03A4A}.Release|x64.Build.0 = Release|Any CPU
		{5CF6B3B9-8176-4B3E-9552-F0BD2DD03A4A}.Release|x86.ActiveCfg = Release|Any CPU
		{5CF6B3B9-8176-4B3E-9552-F0BD2DD03A4A}.Release|x86.Build.0 = Release|Any CPU
		{4C0CA8A3-23FD-4B05-A159-2C7EDCAC74FD}.Debug|Any CPU.ActiveCfg = Debug|Any CPU
		{4C0CA8A3-23FD-4B05-A159-2C7EDCAC74FD}.Debug|Any CPU.Build.0 = Debug|Any CPU
		{4C0CA8A3-23FD-4B05-A159-2C7EDCAC74FD}.Debug|x64.ActiveCfg = Debug|Any CPU
		{4C0CA8A3-23FD-4B05-A159-2C7EDCAC74FD}.Debug|x64.Build.0 = Debug|Any CPU
		{4C0CA8A3-23FD-4B05-A159-2C7EDCAC74FD}.Debug|x86.ActiveCfg = Debug|Any CPU
		{4C0CA8A3-23FD-4B05-A159-2C7EDCAC74FD}.Debug|x86.Build.0 = Debug|Any CPU
		{4C0CA8A3-23FD-4B05-A159-2C7EDCAC74FD}.Release|Any CPU.ActiveCfg = Release|Any CPU
		{4C0CA8A3-23FD-4B05-A159-2C7EDCAC74FD}.Release|Any CPU.Build.0 = Release|Any CPU
		{4C0CA8A3-23FD-4B05-A159-2C7EDCAC74FD}.Release|x64.ActiveCfg = Release|Any CPU
		{4C0CA8A3-23FD-4B05-A159-2C7EDCAC74FD}.Release|x64.Build.0 = Release|Any CPU
		{4C0CA8A3-23FD-4B05-A159-2C7EDCAC74FD}.Release|x86.ActiveCfg = Release|Any CPU
		{4C0CA8A3-23FD-4B05-A159-2C7EDCAC74FD}.Release|x86.Build.0 = Release|Any CPU
	EndGlobalSection
	GlobalSection(SolutionProperties) = preSolution
		HideSolutionNode = FALSE
	EndGlobalSection
	GlobalSection(ExtensibilityGlobals) = postSolution
		SolutionGuid = {F084B727-4B14-497F-913D-68753BE4E849}
	EndGlobalSection
EndGlobal
